# THIS IS AN AUTOGENERATED FILE. DO NOT EDIT THIS FILE DIRECTLY.
# yarn lockfile v1


"@actions/core@^1.2.6":
  version "1.2.6"
  resolved "https://registry.yarnpkg.com/@actions/core/-/core-1.2.6.tgz#a78d49f41a4def18e88ce47c2cac615d5694bf09"
  integrity sha512-ZQYitnqiyBc3D+k7LsgSBmMDVkOVidaagDG7j3fOym77jNunWRuYx7VSHa9GNfFZh+zh61xsCjRj4JxMZlDqTA==

"@actions/github@^5.0.0":
  version "5.0.0"
  resolved "https://registry.yarnpkg.com/@actions/github/-/github-5.0.0.tgz#1754127976c50bd88b2e905f10d204d76d1472f8"
  integrity sha512-QvE9eAAfEsS+yOOk0cylLBIO/d6WyWIOvsxxzdrPFaud39G6BOkUwScXZn1iBzQzHyu9SBkkLSWlohDWdsasAQ==
  dependencies:
    "@actions/http-client" "^1.0.11"
    "@octokit/core" "^3.4.0"
    "@octokit/plugin-paginate-rest" "^2.13.3"
    "@octokit/plugin-rest-endpoint-methods" "^5.1.1"

"@actions/http-client@^1.0.11":
  version "1.0.11"
  resolved "https://registry.yarnpkg.com/@actions/http-client/-/http-client-1.0.11.tgz#c58b12e9aa8b159ee39e7dd6cbd0e91d905633c0"
  integrity sha512-VRYHGQV1rqnROJqdMvGUbY/Kn8vriQe/F9HR2AlYHzmKuM/p3kjNuXhmdBfcVgsvRWTz5C5XW5xvndZrVBuAYg==
  dependencies:
    tunnel "0.0.6"

"@octokit/auth-token@^2.4.4":
  version "2.5.0"
  resolved "https://registry.yarnpkg.com/@octokit/auth-token/-/auth-token-2.5.0.tgz#27c37ea26c205f28443402477ffd261311f21e36"
  integrity sha512-r5FVUJCOLl19AxiuZD2VRZ/ORjp/4IN98Of6YJoJOkY75CIBuYfmiNHGrDwXr+aLGG55igl9QrxX3hbiXlLb+g==
  dependencies:
    "@octokit/types" "^6.0.3"

"@octokit/core@^3.4.0":
  version "3.5.1"
  resolved "https://registry.yarnpkg.com/@octokit/core/-/core-3.5.1.tgz#8601ceeb1ec0e1b1b8217b960a413ed8e947809b"
  integrity sha512-omncwpLVxMP+GLpLPgeGJBF6IWJFjXDS5flY5VbppePYX9XehevbDykRH9PdCdvqt9TS5AOTiDide7h0qrkHjw==
  dependencies:
    "@octokit/auth-token" "^2.4.4"
    "@octokit/graphql" "^4.5.8"
    "@octokit/request" "^5.6.0"
    "@octokit/request-error" "^2.0.5"
    "@octokit/types" "^6.0.3"
    before-after-hook "^2.2.0"
    universal-user-agent "^6.0.0"

"@octokit/endpoint@^6.0.1":
  version "6.0.6"
  resolved "https://registry.yarnpkg.com/@octokit/endpoint/-/endpoint-6.0.6.tgz#4f09f2b468976b444742a1d5069f6fa45826d999"
  integrity sha512-7Cc8olaCoL/mtquB7j/HTbPM+sY6Ebr4k2X2y4JoXpVKQ7r5xB4iGQE0IoO58wIPsUk4AzoT65AMEpymSbWTgQ==
  dependencies:
    "@octokit/types" "^5.0.0"
    is-plain-object "^5.0.0"
    universal-user-agent "^6.0.0"

"@octokit/graphql@^4.5.8":
  version "4.8.0"
  resolved "https://registry.yarnpkg.com/@octokit/graphql/-/graphql-4.8.0.tgz#664d9b11c0e12112cbf78e10f49a05959aa22cc3"
  integrity sha512-0gv+qLSBLKF0z8TKaSKTsS39scVKF9dbMxJpj3U0vC7wjNWFuIpL/z76Qe2fiuCbDRcJSavkXsVtMS6/dtQQsg==
  dependencies:
    "@octokit/request" "^5.6.0"
    "@octokit/types" "^6.0.3"
    universal-user-agent "^6.0.0"

"@octokit/openapi-types@^11.2.0":
  version "11.2.0"
  resolved "https://registry.yarnpkg.com/@octokit/openapi-types/-/openapi-types-11.2.0.tgz#b38d7fc3736d52a1e96b230c1ccd4a58a2f400a6"
  integrity sha512-PBsVO+15KSlGmiI8QAzaqvsNlZlrDlyAJYcrXBCvVUxCp7VnXjkwPoFHgjEJXx3WF9BAwkA6nfCUA7i9sODzKA==

"@octokit/plugin-paginate-rest@^2.13.3":
  version "2.17.0"
  resolved "https://registry.yarnpkg.com/@octokit/plugin-paginate-rest/-/plugin-paginate-rest-2.17.0.tgz#32e9c7cab2a374421d3d0de239102287d791bce7"
  integrity sha512-tzMbrbnam2Mt4AhuyCHvpRkS0oZ5MvwwcQPYGtMv4tUa5kkzG58SVB0fcsLulOZQeRnOgdkZWkRUiyBlh0Bkyw==
  dependencies:
    "@octokit/types" "^6.34.0"

"@octokit/plugin-rest-endpoint-methods@^5.1.1":
  version "5.13.0"
  resolved "https://registry.yarnpkg.com/@octokit/plugin-rest-endpoint-methods/-/plugin-rest-endpoint-methods-5.13.0.tgz#8c46109021a3412233f6f50d28786f8e552427ba"
  integrity sha512-uJjMTkN1KaOIgNtUPMtIXDOjx6dGYysdIFhgA52x4xSadQCz3b/zJexvITDVpANnfKPW/+E0xkOvLntqMYpviA==
  dependencies:
    "@octokit/types" "^6.34.0"
    deprecation "^2.3.1"

"@octokit/request-error@^2.0.5", "@octokit/request-error@^2.1.0":
  version "2.1.0"
  resolved "https://registry.yarnpkg.com/@octokit/request-error/-/request-error-2.1.0.tgz#9e150357831bfc788d13a4fd4b1913d60c74d677"
  integrity sha512-1VIvgXxs9WHSjicsRwq8PlR2LR2x6DwsJAaFgzdi0JfJoGSO8mYI/cHJQ+9FbN21aa+DrgNLnwObmyeSC8Rmpg==
  dependencies:
    "@octokit/types" "^6.0.3"
    deprecation "^2.0.0"
    once "^1.4.0"

"@octokit/request@^5.6.0":
  version "5.6.2"
  resolved "https://registry.yarnpkg.com/@octokit/request/-/request-5.6.2.tgz#1aa74d5da7b9e04ac60ef232edd9a7438dcf32d8"
  integrity sha512-je66CvSEVf0jCpRISxkUcCa0UkxmFs6eGDRSbfJtAVwbLH5ceqF+YEyC8lj8ystKyZTy8adWr0qmkY52EfOeLA==
  dependencies:
    "@octokit/endpoint" "^6.0.1"
    "@octokit/request-error" "^2.1.0"
    "@octokit/types" "^6.16.1"
    is-plain-object "^5.0.0"
    node-fetch "^2.6.1"
    universal-user-agent "^6.0.0"

"@octokit/types@^5.0.0":
  version "5.5.0"
  resolved "https://registry.yarnpkg.com/@octokit/types/-/types-5.5.0.tgz#e5f06e8db21246ca102aa28444cdb13ae17a139b"
  integrity sha512-UZ1pErDue6bZNjYOotCNveTXArOMZQFG6hKJfOnGnulVCMcVVi7YIIuuR4WfBhjo7zgpmzn/BkPDnUXtNx+PcQ==
  dependencies:
    "@types/node" ">= 8"

"@octokit/types@^6.0.3", "@octokit/types@^6.16.1", "@octokit/types@^6.34.0":
  version "6.34.0"
  resolved "https://registry.yarnpkg.com/@octokit/types/-/types-6.34.0.tgz#c6021333334d1ecfb5d370a8798162ddf1ae8218"
  integrity sha512-s1zLBjWhdEI2zwaoSgyOFoKSl109CUcVBCc7biPJ3aAf6LGLU6szDvi31JPU7bxfla2lqfhjbbg/5DdFNxOwHw==
  dependencies:
    "@octokit/openapi-types" "^11.2.0"

"@types/node@>= 8":
  version "14.11.2"
  resolved "https://registry.yarnpkg.com/@types/node/-/node-14.11.2.tgz#2de1ed6670439387da1c9f549a2ade2b0a799256"
  integrity sha512-jiE3QIxJ8JLNcb1Ps6rDbysDhN4xa8DJJvuC9prr6w+1tIh+QAbYyNF3tyiZNLDBIuBCf4KEcV2UvQm/V60xfA==

"@vercel/ncc@^0.24.1":
  version "0.24.1"
  resolved "https://registry.yarnpkg.com/@vercel/ncc/-/ncc-0.24.1.tgz#3ea2932c85ba87f4de6fe550d60e1bf5c005985e"
  integrity sha512-r9m7brz2hNmq5TF3sxrK4qR/FhXn44XIMglQUir4sT7Sh5GOaYXlMYikHFwJStf8rmQGTlvOoBXt4yHVonRG8A==

before-after-hook@^2.2.0:
  version "2.2.2"
  resolved "https://registry.yarnpkg.com/before-after-hook/-/before-after-hook-2.2.2.tgz#a6e8ca41028d90ee2c24222f201c90956091613e"
  integrity sha512-3pZEU3NT5BFUo/AD5ERPWOgQOCZITni6iavr5AUw5AUwQjMlI0kzu5btnyD39AF0gUEsDPwJT+oY1ORBJijPjQ==

braces@^3.0.1:
  version "3.0.2"
  resolved "https://registry.yarnpkg.com/braces/-/braces-3.0.2.tgz#3454e1a462ee8d599e236df336cd9ea4f8afe107"
  integrity sha512-b8um+L1RzM3WDSzvhm6gIz1yfTbBt6YTlcEKAvsmqCZZFw46z626lVj9j1yEPW33H5H+lBQpZMP1k8l+78Ha0A==
  dependencies:
    fill-range "^7.0.1"

deprecation@^2.0.0, deprecation@^2.3.1:
  version "2.3.1"
  resolved "https://registry.yarnpkg.com/deprecation/-/deprecation-2.3.1.tgz#6368cbdb40abf3373b525ac87e4a260c3a700919"
  integrity sha512-xmHIy4F3scKVwMsQ4WnVaS8bHOx0DmVwRywosKhaILI0ywMDWPtBSku2HNxRvF7jtwDRsoEwYQSfbxj8b7RlJQ==

fill-range@^7.0.1:
  version "7.0.1"
  resolved "https://registry.yarnpkg.com/fill-range/-/fill-range-7.0.1.tgz#1919a6a7c75fe38b2c7c77e5198535da9acdda40"
  integrity sha512-qOo9F+dMUmC2Lcb4BbVvnKJxTPjCm+RRpe4gDuGrzkL7mEVl/djYSu2OdQ2Pa302N4oqkSg9ir6jaLWJ2USVpQ==
  dependencies:
    to-regex-range "^5.0.1"

is-number@^7.0.0:
  version "7.0.0"
  resolved "https://registry.yarnpkg.com/is-number/-/is-number-7.0.0.tgz#7535345b896734d5f80c4d06c50955527a14f12b"
  integrity sha512-41Cifkg6e8TylSpdtTpeLVMqvSBEVzTttHvERD741+pnZ8ANv0004MRL43QKPDlK9cGvNp6NZWZUBlbGXYxxng==

is-plain-object@^5.0.0:
  version "5.0.0"
  resolved "https://registry.yarnpkg.com/is-plain-object/-/is-plain-object-5.0.0.tgz#4427f50ab3429e9025ea7d52e9043a9ef4159344"
  integrity sha512-VRSzKkbMm5jMDoKLbltAkFQ5Qr7VDiTFGXxYFXXowVj387GeGNOCsOH6Msy00SGZ3Fp84b1Naa1psqgcCIEP5Q==

micromatch@^4.0.2:
  version "4.0.2"
  resolved "https://registry.yarnpkg.com/micromatch/-/micromatch-4.0.2.tgz#4fcb0999bf9fbc2fcbdd212f6d629b9a56c39259"
  integrity sha512-y7FpHSbMUMoyPbYUSzO6PaZ6FyRnQOpHuKwbo1G+Knck95XVU4QAiKdGEnj5wwoS7PlOgthX/09u5iFJ+aYf5Q==
  dependencies:
    braces "^3.0.1"
    picomatch "^2.0.5"

node-fetch@^2.6.1:
  version "2.6.1"
  resolved "https://registry.yarnpkg.com/node-fetch/-/node-fetch-2.6.1.tgz#045bd323631f76ed2e2b55573394416b639a0052"
  integrity sha512-V4aYg89jEoVRxRb2fJdAg8FHvI7cEyYdVAh94HH0UIK8oJxUfkjlDQN9RbMx+bEjP7+ggMiFRprSti032Oipxw==

once@^1.4.0:
  version "1.4.0"
  resolved "https://registry.yarnpkg.com/once/-/once-1.4.0.tgz#583b1aa775961d4b113ac17d9c50baef9dd76bd1"
  integrity sha1-WDsap3WWHUsROsF9nFC6753Xa9E=
  dependencies:
    wrappy "1"

picomatch@^2.0.5:
  version "2.2.2"
  resolved "https://registry.yarnpkg.com/picomatch/-/picomatch-2.2.2.tgz#21f333e9b6b8eaff02468f5146ea406d345f4dad"
  integrity sha512-q0M/9eZHzmr0AulXyPwNfZjtwZ/RBZlbN3K3CErVrk50T2ASYI7Bye0EvekFY3IP1Nt2DHu0re+V2ZHIpMkuWg==

to-regex-range@^5.0.1:
  version "5.0.1"
  resolved "https://registry.yarnpkg.com/to-regex-range/-/to-regex-range-5.0.1.tgz#1648c44aae7c8d988a326018ed72f5b4dd0392e4"
  integrity sha512-65P7iz6X5yEr1cwcgvQxbbIw7Uk3gOy5dIdtZ4rDveLqhrdJP+Li/Hx6tyK0NEb+2GCyneCMJiGqrADCSNk8sQ==
  dependencies:
    is-number "^7.0.0"

tunnel@0.0.6:
  version "0.0.6"
  resolved "https://registry.yarnpkg.com/tunnel/-/tunnel-0.0.6.tgz#72f1314b34a5b192db012324df2cc587ca47f92c"
  integrity sha512-1h/Lnq9yajKY2PEbBadPXj3VxsDDu844OnaAo52UVmIzIvwwtBPIuNvkjuzBlTWpfJyUbG3ez0KSBibQkj4ojg==

typescript@^4.1.3:
  version "4.1.3"
  resolved "https://registry.yarnpkg.com/typescript/-/typescript-4.1.3.tgz#519d582bd94cba0cf8934c7d8e8467e473f53bb7"
  integrity sha512-B3ZIOf1IKeH2ixgHhj6la6xdwR9QrLC5d1VKeCSY4tvkqhF2eqd9O7txNlS0PO3GrBAFIdr3L1ndNwteUbZLYg==

universal-user-agent@^6.0.0:
  version "6.0.0"
  resolved "https://registry.yarnpkg.com/universal-user-agent/-/universal-user-agent-6.0.0.tgz#3381f8503b251c0d9cd21bc1de939ec9df5480ee"
  integrity sha512-isyNax3wXoKaulPDZWHQqbmIx1k2tb9fb3GGDBRxCscfYV2Ch7WxPArBsFEG8s/safwXTT7H4QGhaIkTp9447w==

wrappy@1:
  version "1.0.2"
  resolved "https://registry.yarnpkg.com/wrappy/-/wrappy-1.0.2.tgz#b5243d8f3ec1aa35f1364605bc0d1036e30ab69f"
  integrity sha1-tSQ9jz7BqjXxNkYFvA0QNuMKtp8=
